
Microsoft Visual Studio Solution File, Format Version 12.00
# Visual Studio Version 16
VisualStudioVersion = 16.0.31424.327
MinimumVisualStudioVersion = 10.0.40219.1
Project("{FAE04EC0-301F-11D3-BF4B-00C04F79EFBC}") = "rsa", "rsa\rsa.csproj", "{DE1CF722-B28D-4F49-A6AD-4764C8FD394E}"
EndProject
Global
	GlobalSection(SolutionConfigurationPlatforms) = preSolution
		Debug|Any CPU = Debug|Any CPU
		Release|Any CPU = Release|Any CPU
	EndGlobalSection
	GlobalSection(ProjectConfigurationPlatforms) = postSolution
		{DE1CF722-B28D-4F49-A6AD-4764C8FD394E}.Debug|Any CPU.ActiveCfg = Debug|Any CPU
		{DE1CF722-B28D-4F49-A6AD-4764C8FD394E}.Debug|Any CPU.Build.0 = Debug|Any CPU
		{DE1CF722-B28D-4F49-A6AD-4764C8FD394E}.Release|Any CPU.ActiveCfg = Release|Any CPU
		{DE1CF722-B28D-4F49-A6AD-4764C8FD394E}.Release|Any CPU.Build.0 = Release|Any CPU
	EndGlobalSection
	GlobalSection(SolutionProperties) = preSolution
		HideSolutionNode = FALSE
	EndGlobalSection
	GlobalSection(ExtensibilityGlobals) = postSolution
		SolutionGuid = {11ED54F5-2C43-410E-AD8B-B7B2F111E474}
	EndGlobalSection
EndGlobal
